
Microsoft Visual Studio Solution File, Format Version 12.00
# Visual Studio 2013
VisualStudioVersion = 12.0.21005.1
MinimumVisualStudioVersion = 10.0.40219.1
Project("{FAE04EC0-301F-11D3-BF4B-00C04F79EFBC}") = "HotelManager", "HotelManager.csproj", "{4117EE66-F8E6-4B6D-8C91-AAA323B4A9D7}"
EndProject
Project("{FAE04EC0-301F-11D3-BF4B-00C04F79EFBC}") = "DataAccessLayer", "..\DataAccessLayer\DataAccessLayer.csproj", "{7D20D30C-0C73-4353-9E68-0A8CFEFDD7B2}"
EndProject
Project("{FAE04EC0-301F-11D3-BF4B-00C04F79EFBC}") = "BusinessLayer", "..\BusinessLayer\BusinessLayer.csproj", "{DBCAFE56-9130-4788-9E56-E524AF800F15}"
EndProject
Project("{FAE04EC0-301F-11D3-BF4B-00C04F79EFBC}") = "DataTransferObject", "..\DataTransferObject\DataTransferObject.csproj", "{3CFB56B9-B622-4381-8556-C004ABB1CE7F}"
EndProject
Global
	GlobalSection(SolutionConfigurationPlatforms) = preSolution
		Debug|Any CPU = Debug|Any CPU
		Release|Any CPU = Release|Any CPU
	EndGlobalSection
	GlobalSection(ProjectConfigurationPlatforms) = postSolution
		{4117EE66-F8E6-4B6D-8C91-AAA323B4A9D7}.Debug|Any CPU.ActiveCfg = Debug|Any CPU
		{4117EE66-F8E6-4B6D-8C91-AAA323B4A9D7}.Debug|Any CPU.Build.0 = Debug|Any CPU
		{4117EE66-F8E6-4B6D-8C91-AAA323B4A9D7}.Release|Any CPU.ActiveCfg = Release|Any CPU
		{4117EE66-F8E6-4B6D-8C91-AAA323B4A9D7}.Release|Any CPU.Build.0 = Release|Any CPU
		{7D20D30C-0C73-4353-9E68-0A8CFEFDD7B2}.Debug|Any CPU.ActiveCfg = Debug|Any CPU
		{7D20D30C-0C73-4353-9E68-0A8CFEFDD7B2}.Debug|Any CPU.Build.0 = Debug|Any CPU
		{7D20D30C-0C73-4353-9E68-0A8CFEFDD7B2}.Release|Any CPU.ActiveCfg = Release|Any CPU
		{7D20D30C-0C73-4353-9E68-0A8CFEFDD7B2}.Release|Any CPU.Build.0 = Release|Any CPU
		{DBCAFE56-9130-4788-9E56-E524AF800F15}.Debug|Any CPU.ActiveCfg = Debug|Any CPU
		{DBCAFE56-9130-4788-9E56-E524AF800F15}.Debug|Any CPU.Build.0 = Debug|Any CPU
		{DBCAFE56-9130-4788-9E56-E524AF800F15}.Release|Any CPU.ActiveCfg = Release|Any CPU
		{DBCAFE56-9130-4788-9E56-E524AF800F15}.Release|Any CPU.Build.0 = Release|Any CPU
		{3CFB56B9-B622-4381-8556-C004ABB1CE7F}.Debug|Any CPU.ActiveCfg = Debug|Any CPU
		{3CFB56B9-B622-4381-8556-C004ABB1CE7F}.Debug|Any CPU.Build.0 = Debug|Any CPU
		{3CFB56B9-B622-4381-8556-C004ABB1CE7F}.Release|Any CPU.ActiveCfg = Release|Any CPU
		{3CFB56B9-B622-4381-8556-C004ABB1CE7F}.Release|Any CPU.Build.0 = Release|Any CPU
	EndGlobalSection
	GlobalSection(SolutionProperties) = preSolution
		HideSolutionNode = FALSE
	EndGlobalSection
EndGlobal
